
Microsoft Visual Studio Solution File, Format Version 12.00
# Visual Studio Version 17
VisualStudioVersion = 17.3.32922.545
MinimumVisualStudioVersion = 10.0.40219.1
Project("{FAE04EC0-301F-11D3-BF4B-00C04F79EFBC}") = "Curves", "Curves\Curves.csproj", "{939B9269-536D-45BB-AAC7-B520F3F1E042}"
EndProject
Project("{FAE04EC0-301F-11D3-BF4B-00C04F79EFBC}") = "Curves-UnitTests", "Curves-UnitTests\Curves-UnitTests.csproj", "{87D1D3D3-0932-406B-B17C-EE5FD1F433B8}"
EndProject
Project("{FAE04EC0-301F-11D3-BF4B-00C04F79EFBC}") = "CurvesWebEditor", "CurvesWebEditor\CurvesWebEditor.csproj", "{1EFDF317-2989-4B20-A15C-85290B13A87C}"
EndProject
Global
	GlobalSection(SolutionConfigurationPlatforms) = preSolution
		Debug|Any CPU = Debug|Any CPU
		Release|Any CPU = Release|Any CPU
	EndGlobalSection
	GlobalSection(ProjectConfigurationPlatforms) = postSolution
		{939B9269-536D-45BB-AAC7-B520F3F1E042}.Debug|Any CPU.ActiveCfg = Debug|Any CPU
		{939B9269-536D-45BB-AAC7-B520F3F1E042}.Debug|Any CPU.Build.0 = Debug|Any CPU
		{939B9269-536D-45BB-AAC7-B520F3F1E042}.Release|Any CPU.ActiveCfg = Release|Any CPU
		{939B9269-536D-45BB-AAC7-B520F3F1E042}.Release|Any CPU.Build.0 = Release|Any CPU
		{87D1D3D3-0932-406B-B17C-EE5FD1F433B8}.Debug|Any CPU.ActiveCfg = Debug|Any CPU
		{87D1D3D3-0932-406B-B17C-EE5FD1F433B8}.Debug|Any CPU.Build.0 = Debug|Any CPU
		{87D1D3D3-0932-406B-B17C-EE5FD1F433B8}.Release|Any CPU.ActiveCfg = Release|Any CPU
		{87D1D3D3-0932-406B-B17C-EE5FD1F433B8}.Release|Any CPU.Build.0 = Release|Any CPU
		{1EFDF317-2989-4B20-A15C-85290B13A87C}.Debug|Any CPU.ActiveCfg = Debug|Any CPU
		{1EFDF317-2989-4B20-A15C-85290B13A87C}.Debug|Any CPU.Build.0 = Debug|Any CPU
		{1EFDF317-2989-4B20-A15C-85290B13A87C}.Release|Any CPU.ActiveCfg = Release|Any CPU
		{1EFDF317-2989-4B20-A15C-85290B13A87C}.Release|Any CPU.Build.0 = Release|Any CPU
	EndGlobalSection
	GlobalSection(SolutionProperties) = preSolution
		HideSolutionNode = FALSE
	EndGlobalSection
	GlobalSection(ExtensibilityGlobals) = postSolution
		SolutionGuid = {73ABDBB1-7656-4784-8479-2EE4C5E12D52}
	EndGlobalSection
EndGlobal
