
Microsoft Visual Studio Solution File, Format Version 12.00
# Visual Studio Version 17
VisualStudioVersion = 17.3.32922.545
MinimumVisualStudioVersion = 10.0.40219.1
Project("{FAE04EC0-301F-11D3-BF4B-00C04F79EFBC}") = "BezierCurveLib", "BezierCurveLib.csproj", "{0D7D2D72-F885-45EB-A986-D84314A202FE}"
EndProject
Project("{FAE04EC0-301F-11D3-BF4B-00C04F79EFBC}") = "CurveBuilder", "..\CurveBuilder\CurveBuilder.csproj", "{11FB5908-69AA-4BF7-AC16-A6E42CD07F2A}"
EndProject
Global
	GlobalSection(SolutionConfigurationPlatforms) = preSolution
		Debug|Any CPU = Debug|Any CPU
		Release|Any CPU = Release|Any CPU
	EndGlobalSection
	GlobalSection(ProjectConfigurationPlatforms) = postSolution
		{0D7D2D72-F885-45EB-A986-D84314A202FE}.Debug|Any CPU.ActiveCfg = Debug|Any CPU
		{0D7D2D72-F885-45EB-A986-D84314A202FE}.Debug|Any CPU.Build.0 = Debug|Any CPU
		{0D7D2D72-F885-45EB-A986-D84314A202FE}.Release|Any CPU.ActiveCfg = Release|Any CPU
		{0D7D2D72-F885-45EB-A986-D84314A202FE}.Release|Any CPU.Build.0 = Release|Any CPU
		{11FB5908-69AA-4BF7-AC16-A6E42CD07F2A}.Debug|Any CPU.ActiveCfg = Debug|Any CPU
		{11FB5908-69AA-4BF7-AC16-A6E42CD07F2A}.Debug|Any CPU.Build.0 = Debug|Any CPU
		{11FB5908-69AA-4BF7-AC16-A6E42CD07F2A}.Release|Any CPU.ActiveCfg = Release|Any CPU
		{11FB5908-69AA-4BF7-AC16-A6E42CD07F2A}.Release|Any CPU.Build.0 = Release|Any CPU
	EndGlobalSection
	GlobalSection(SolutionProperties) = preSolution
		HideSolutionNode = FALSE
	EndGlobalSection
	GlobalSection(ExtensibilityGlobals) = postSolution
		SolutionGuid = {CED8DB7A-B592-41A9-AFDA-0CDBC652E96F}
	EndGlobalSection
EndGlobal
